
Microsoft Visual Studio Solution File, Format Version 12.00
# Visual Studio Version 16
VisualStudioVersion = 16.0.31229.75
MinimumVisualStudioVersion = 10.0.40219.1
Project("{FAE04EC0-301F-11D3-BF4B-00C04F79EFBC}") = "WinFormsApp1", "WinFormsApp1.csproj", "{430B9441-64DA-4A54-BE5C-E35F462CFCF6}"
EndProject
Global
	GlobalSection(SolutionConfigurationPlatforms) = preSolution
		Debug|Any CPU = Debug|Any CPU
		Release|Any CPU = Release|Any CPU
	EndGlobalSection
	GlobalSection(ProjectConfigurationPlatforms) = postSolution
		{430B9441-64DA-4A54-BE5C-E35F462CFCF6}.Debug|Any CPU.ActiveCfg = Debug|Any CPU
		{430B9441-64DA-4A54-BE5C-E35F462CFCF6}.Debug|Any CPU.Build.0 = Debug|Any CPU
		{430B9441-64DA-4A54-BE5C-E35F462CFCF6}.Release|Any CPU.ActiveCfg = Release|Any CPU
		{430B9441-64DA-4A54-BE5C-E35F462CFCF6}.Release|Any CPU.Build.0 = Release|Any CPU
	EndGlobalSection
	GlobalSection(SolutionProperties) = preSolution
		HideSolutionNode = FALSE
	EndGlobalSection
	GlobalSection(ExtensibilityGlobals) = postSolution
		SolutionGuid = {51913B2C-9332-4580-9080-0C7EE3E159AE}
	EndGlobalSection
EndGlobal
